// !$*UTF8*$!
{
	archiveVersion = 1;
	classes = {
	};
	objectVersion = 50;
	objects = {

/* Begin PBXBuildFile section */
		D4A62DE021E7EAF10069FA5F /* APIDataRequest.swift in Sources */ = {isa = PBXBuildFile; fileRef = D4A62DDF21E7EAF10069FA5F /* APIDataRequest.swift */; };
		D4A62DE221E7EB7E0069FA5F /* APICallFlags.swift in Sources */ = {isa = PBXBuildFile; fileRef = D4A62DE121E7EB7E0069FA5F /* APICallFlags.swift */; };
		D4A62DE421E7EB9C0069FA5F /* UpdateViewProtocol.swift in Sources */ = {isa = PBXBuildFile; fileRef = D4A62DE321E7EB9C0069FA5F /* UpdateViewProtocol.swift */; };
		D4A62DE821E7F1BF0069FA5F /* CollectionsViewController.swift in Sources */ = {isa = PBXBuildFile; fileRef = D4A62DE721E7F1BF0069FA5F /* CollectionsViewController.swift */; };
		D4A62DEA21E80AD10069FA5F /* CollectionViewCell.swift in Sources */ = {isa = PBXBuildFile; fileRef = D4A62DE921E80AD10069FA5F /* CollectionViewCell.swift */; };
		D4B570F521E7E77600AD0F4B /* AppDelegate.swift in Sources */ = {isa = PBXBuildFile; fileRef = D4B570F421E7E77600AD0F4B /* AppDelegate.swift */; };
		D4B570F721E7E77600AD0F4B /* ViewController.swift in Sources */ = {isa = PBXBuildFile; fileRef = D4B570F621E7E77600AD0F4B /* ViewController.swift */; };
		D4B570FA21E7E77600AD0F4B /* Main.storyboard in Resources */ = {isa = PBXBuildFile; fileRef = D4B570F821E7E77600AD0F4B /* Main.storyboard */; };
		D4B570FC21E7E77700AD0F4B /* Assets.xcassets in Resources */ = {isa = PBXBuildFile; fileRef = D4B570FB21E7E77700AD0F4B /* Assets.xcassets */; };
		D4B570FF21E7E77700AD0F4B /* LaunchScreen.storyboard in Resources */ = {isa = PBXBuildFile; fileRef = D4B570FD21E7E77700AD0F4B /* LaunchScreen.storyboard */; };
		F51CDE888FCDE1EDF9CFDE80 /* Pods_Shopify_Challenge.framework in Frameworks */ = {isa = PBXBuildFile; fileRef = FF9C6A5EBB31CABBCBE558CF /* Pods_Shopify_Challenge.framework */; };
/* End PBXBuildFile section */

/* Begin PBXFileReference section */
		8B24643EA3D2E8249C63C73C /* Pods-Shopify-Challenge.release.xcconfig */ = {isa = PBXFileReference; includeInIndex = 1; lastKnownFileType = text.xcconfig; name = "Pods-Shopify-Challenge.release.xcconfig"; path = "Pods/Target Support Files/Pods-Shopify-Challenge/Pods-Shopify-Challenge.release.xcconfig"; sourceTree = "<group>"; };
		CD6924F11085005A096D72C4 /* Pods-Shopify-Challenge.debug.xcconfig */ = {isa = PBXFileReference; includeInIndex = 1; lastKnownFileType = text.xcconfig; name = "Pods-Shopify-Challenge.debug.xcconfig"; path = "Pods/Target Support Files/Pods-Shopify-Challenge/Pods-Shopify-Challenge.debug.xcconfig"; sourceTree = "<group>"; };
		D4A62DDF21E7EAF10069FA5F /* APIDataRequest.swift */ = {isa = PBXFileReference; lastKnownFileType = sourcecode.swift; path = APIDataRequest.swift; sourceTree = "<group>"; };
		D4A62DE121E7EB7E0069FA5F /* APICallFlags.swift */ = {isa = PBXFileReference; lastKnownFileType = sourcecode.swift; path = APICallFlags.swift; sourceTree = "<group>"; };
		D4A62DE321E7EB9C0069FA5F /* UpdateViewProtocol.swift */ = {isa = PBXFileReference; lastKnownFileType = sourcecode.swift; path = UpdateViewProtocol.swift; sourceTree = "<group>"; };
		D4A62DE721E7F1BF0069FA5F /* CollectionsViewController.swift */ = {isa = PBXFileReference; lastKnownFileType = sourcecode.swift; path = CollectionsViewController.swift; sourceTree = "<group>"; };
		D4A62DE921E80AD10069FA5F /* CollectionViewCell.swift */ = {isa = PBXFileReference; lastKnownFileType = sourcecode.swift; path = CollectionViewCell.swift; sourceTree = "<group>"; };
		D4B570F121E7E77600AD0F4B /* Shopify-Challenge.app */ = {isa = PBXFileReference; explicitFileType = wrapper.application; includeInIndex = 0; path = "Shopify-Challenge.app"; sourceTree = BUILT_PRODUCTS_DIR; };
		D4B570F421E7E77600AD0F4B /* AppDelegate.swift */ = {isa = PBXFileReference; lastKnownFileType = sourcecode.swift; path = AppDelegate.swift; sourceTree = "<group>"; };
		D4B570F621E7E77600AD0F4B /* ViewController.swift */ = {isa = PBXFileReference; lastKnownFileType = sourcecode.swift; path = ViewController.swift; sourceTree = "<group>"; };
		D4B570F921E7E77600AD0F4B /* Base */ = {isa = PBXFileReference; lastKnownFileType = file.storyboard; name = Base; path = Base.lproj/Main.storyboard; sourceTree = "<group>"; };
		D4B570FB21E7E77700AD0F4B /* Assets.xcassets */ = {isa = PBXFileReference; lastKnownFileType = folder.assetcatalog; path = Assets.xcassets; sourceTree = "<group>"; };
		D4B570FE21E7E77700AD0F4B /* Base */ = {isa = PBXFileReference; lastKnownFileType = file.storyboard; name = Base; path = Base.lproj/LaunchScreen.storyboard; sourceTree = "<group>"; };
		D4B5710021E7E77700AD0F4B /* Info.plist */ = {isa = PBXFileReference; lastKnownFileType = text.plist.xml; path = Info.plist; sourceTree = "<group>"; };
		FF9C6A5EBB31CABBCBE558CF /* Pods_Shopify_Challenge.framework */ = {isa = PBXFileReference; explicitFileType = wrapper.framework; includeInIndex = 0; path = Pods_Shopify_Challenge.framework; sourceTree = BUILT_PRODUCTS_DIR; };
/* End PBXFileReference section */

/* Begin PBXFrameworksBuildPhase section */
		D4B570EE21E7E77600AD0F4B /* Frameworks */ = {
			isa = PBXFrameworksBuildPhase;
			buildActionMask = 2147483647;
			files = (
				F51CDE888FCDE1EDF9CFDE80 /* Pods_Shopify_Challenge.framework in Frameworks */,
			);
			runOnlyForDeploymentPostprocessing = 0;
		};
/* End PBXFrameworksBuildPhase section */

/* Begin PBXGroup section */
		B7C40AADF3FE85AB1AB3AEDD /* Pods */ = {
			isa = PBXGroup;
			children = (
				CD6924F11085005A096D72C4 /* Pods-Shopify-Challenge.debug.xcconfig */,
				8B24643EA3D2E8249C63C73C /* Pods-Shopify-Challenge.release.xcconfig */,
			);
			name = Pods;
			sourceTree = "<group>";
		};
		D4A62DDC21E7E8620069FA5F /* Model */ = {
			isa = PBXGroup;
			children = (
				D4A62DDF21E7EAF10069FA5F /* APIDataRequest.swift */,
				D4A62DE121E7EB7E0069FA5F /* APICallFlags.swift */,
				D4A62DE321E7EB9C0069FA5F /* UpdateViewProtocol.swift */,
			);
			path = Model;
			sourceTree = "<group>";
		};
		D4A62DDD21E7E8690069FA5F /* View */ = {
			isa = PBXGroup;
			children = (
				D4B570FD21E7E77700AD0F4B /* LaunchScreen.storyboard */,
				D4B570F821E7E77600AD0F4B /* Main.storyboard */,
				D4A62DE921E80AD10069FA5F /* CollectionViewCell.swift */,
			);
			path = View;
			sourceTree = "<group>";
		};
		D4A62DDE21E7E8710069FA5F /* Controller */ = {
			isa = PBXGroup;
			children = (
				D4B570F421E7E77600AD0F4B /* AppDelegate.swift */,
				D4B570F621E7E77600AD0F4B /* ViewController.swift */,
				D4A62DE721E7F1BF0069FA5F /* CollectionsViewController.swift */,
			);
			path = Controller;
			sourceTree = "<group>";
		};
		D4B570E821E7E77600AD0F4B = {
			isa = PBXGroup;
			children = (
				D4B570F321E7E77600AD0F4B /* Shopify-Challenge */,
				D4B570F221E7E77600AD0F4B /* Products */,
				B7C40AADF3FE85AB1AB3AEDD /* Pods */,
				F3452E734CDD0E8BAB1A50AA /* Frameworks */,
			);
			sourceTree = "<group>";
		};
		D4B570F221E7E77600AD0F4B /* Products */ = {
			isa = PBXGroup;
			children = (
				D4B570F121E7E77600AD0F4B /* Shopify-Challenge.app */,
			);
			name = Products;
			sourceTree = "<group>";
		};
		D4B570F321E7E77600AD0F4B /* Shopify-Challenge */ = {
			isa = PBXGroup;
			children = (
				D4A62DDC21E7E8620069FA5F /* Model */,
				D4A62DDD21E7E8690069FA5F /* View */,
				D4A62DDE21E7E8710069FA5F /* Controller */,
				D4B570FB21E7E77700AD0F4B /* Assets.xcassets */,
				D4B5710021E7E77700AD0F4B /* Info.plist */,
			);
			path = "Shopify-Challenge";
			sourceTree = "<group>";
		};
		F3452E734CDD0E8BAB1A50AA /* Frameworks */ = {
			isa = PBXGroup;
			children = (
				FF9C6A5EBB31CABBCBE558CF /* Pods_Shopify_Challenge.framework */,
			);
			name = Frameworks;
			sourceTree = "<group>";
		};
/* End PBXGroup section */

/* Begin PBXNativeTarget section */
		D4B570F021E7E77600AD0F4B /* Shopify-Challenge */ = {
			isa = PBXNativeTarget;
			buildConfigurationList = D4B5710321E7E77700AD0F4B /* Build configuration list for PBXNativeTarget "Shopify-Challenge" */;
			buildPhases = (
				5AF445A29DCA89B1A0792319 /* [CP] Check Pods Manifest.lock */,
				D4B570ED21E7E77600AD0F4B /* Sources */,
				D4B570EE21E7E77600AD0F4B /* Frameworks */,
				D4B570EF21E7E77600AD0F4B /* Resources */,
				034339652B36606F4E92D4D5 /* [CP] Embed Pods Frameworks */,
			);
			buildRules = (
			);
			dependencies = (
			);
			name = "Shopify-Challenge";
			productName = "Shopify-Challenge";
			productReference = D4B570F121E7E77600AD0F4B /* Shopify-Challenge.app */;
			productType = "com.apple.product-type.application";
		};
/* End PBXNativeTarget section */

/* Begin PBXProject section */
		D4B570E921E7E77600AD0F4B /* Project object */ = {
			isa = PBXProject;
			attributes = {
				LastSwiftUpdateCheck = 1010;
				LastUpgradeCheck = 1010;
				ORGANIZATIONNAME = "Tudor Lupu";
				TargetAttributes = {
					D4B570F021E7E77600AD0F4B = {
						CreatedOnToolsVersion = 10.1;
					};
				};
			};
			buildConfigurationList = D4B570EC21E7E77600AD0F4B /* Build configuration list for PBXProject "Shopify-Challenge" */;
			compatibilityVersion = "Xcode 9.3";
			developmentRegion = en;
			hasScannedForEncodings = 0;
			knownRegions = (
				en,
				Base,
			);
			mainGroup = D4B570E821E7E77600AD0F4B;
			productRefGroup = D4B570F221E7E77600AD0F4B /* Products */;
			projectDirPath = "";
			projectRoot = "";
			targets = (
				D4B570F021E7E77600AD0F4B /* Shopify-Challenge */,
			);
		};
/* End PBXProject section */

/* Begin PBXResourcesBuildPhase section */
		D4B570EF21E7E77600AD0F4B /* Resources */ = {
			isa = PBXResourcesBuildPhase;
			buildActionMask = 2147483647;
			files = (
				D4B570FF21E7E77700AD0F4B /* LaunchScreen.storyboard in Resources */,
				D4B570FC21E7E77700AD0F4B /* Assets.xcassets in Resources */,
				D4B570FA21E7E77600AD0F4B /* Main.storyboard in Resources */,
			);
			runOnlyForDeploymentPostprocessing = 0;
		};
/* End PBXResourcesBuildPhase section */

/* Begin PBXShellScriptBuildPhase section */
		034339652B36606F4E92D4D5 /* [CP] Embed Pods Frameworks */ = {
			isa = PBXShellScriptBuildPhase;
			buildActionMask = 2147483647;
			files = (
			);
			inputFileListPaths = (
			);
			inputPaths = (
				"${SRCROOT}/Pods/Target Support Files/Pods-Shopify-Challenge/Pods-Shopify-Challenge-frameworks.sh",
				"${BUILT_PRODUCTS_DIR}/Alamofire/Alamofire.framework",
				"${BUILT_PRODUCTS_DIR}/SVProgressHUD/SVProgressHUD.framework",
				"${BUILT_PRODUCTS_DIR}/SwiftyJSON/SwiftyJSON.framework",
			);
			name = "[CP] Embed Pods Frameworks";
			outputFileListPaths = (
			);
			outputPaths = (
				"${TARGET_BUILD_DIR}/${FRAMEWORKS_FOLDER_PATH}/Alamofire.framework",
				"${TARGET_BUILD_DIR}/${FRAMEWORKS_FOLDER_PATH}/SVProgressHUD.framework",
				"${TARGET_BUILD_DIR}/${FRAMEWORKS_FOLDER_PATH}/SwiftyJSON.framework",
			);
			runOnlyForDeploymentPostprocessing = 0;
			shellPath = /bin/sh;
			shellScript = "\"${SRCROOT}/Pods/Target Support Files/Pods-Shopify-Challenge/Pods-Shopify-Challenge-frameworks.sh\"\n";
			showEnvVarsInLog = 0;
		};
		5AF445A29DCA89B1A0792319 /* [CP] Check Pods Manifest.lock */ = {
			isa = PBXShellScriptBuildPhase;
			buildActionMask = 2147483647;
			files = (
			);
			inputFileListPaths = (
			);
			inputPaths = (
				"${PODS_PODFILE_DIR_PATH}/Podfile.lock",
				"${PODS_ROOT}/Manifest.lock",
			);
			name = "[CP] Check Pods Manifest.lock";
			outputFileListPaths = (
			);
			outputPaths = (
				"$(DERIVED_FILE_DIR)/Pods-Shopify-Challenge-checkManifestLockResult.txt",
			);
			runOnlyForDeploymentPostprocessing = 0;
			shellPath = /bin/sh;
			shellScript = "diff \"${PODS_PODFILE_DIR_PATH}/Podfile.lock\" \"${PODS_ROOT}/Manifest.lock\" > /dev/null\nif [ $? != 0 ] ; then\n    # print error to STDERR\n    echo \"error: The sandbox is not in sync with the Podfile.lock. Run 'pod install' or update your CocoaPods installation.\" >&2\n    exit 1\nfi\n# This output is used by Xcode 'outputs' to avoid re-running this script phase.\necho \"SUCCESS\" > \"${SCRIPT_OUTPUT_FILE_0}\"\n";
			showEnvVarsInLog = 0;
		};
/* End PBXShellScriptBuildPhase section */

/* Begin PBXSourcesBuildPhase section */
		D4B570ED21E7E77600AD0F4B /* Sources */ = {
			isa = PBXSourcesBuildPhase;
			buildActionMask = 2147483647;
			files = (
				D4A62DE821E7F1BF0069FA5F /* CollectionsViewController.swift in Sources */,
				D4A62DE221E7EB7E0069FA5F /* APICallFlags.swift in Sources */,
				D4B570F721E7E77600AD0F4B /* ViewController.swift in Sources */,
				D4A62DEA21E80AD10069FA5F /* CollectionViewCell.swift in Sources */,
				D4B570F521E7E77600AD0F4B /* AppDelegate.swift in Sources */,
				D4A62DE421E7EB9C0069FA5F /* UpdateViewProtocol.swift in Sources */,
				D4A62DE021E7EAF10069FA5F /* APIDataRequest.swift in Sources */,
			);
			runOnlyForDeploymentPostprocessing = 0;
		};
/* End PBXSourcesBuildPhase section */

/* Begin PBXVariantGroup section */
		D4B570F821E7E77600AD0F4B /* Main.storyboard */ = {
			isa = PBXVariantGroup;
			children = (
				D4B570F921E7E77600AD0F4B /* Base */,
			);
			name = Main.storyboard;
			sourceTree = "<group>";
		};
		D4B570FD21E7E77700AD0F4B /* LaunchScreen.storyboard */ = {
			isa = PBXVariantGroup;
			children = (
				D4B570FE21E7E77700AD0F4B /* Base */,
			);
			name = LaunchScreen.storyboard;
			sourceTree = "<group>";
		};
/* End PBXVariantGroup section */

/* Begin XCBuildConfiguration section */
		D4B5710121E7E77700AD0F4B /* Debug */ = {
			isa = XCBuildConfiguration;
			buildSettings = {
				ALWAYS_SEARCH_USER_PATHS = NO;
				CLANG_ANALYZER_NONNULL = YES;
				CLANG_ANALYZER_NUMBER_OBJECT_CONVERSION = YES_AGGRESSIVE;
				CLANG_CXX_LANGUAGE_STANDARD = "gnu++14";
				CLANG_CXX_LIBRARY = "libc++";
				CLANG_ENABLE_MODULES = YES;
				CLANG_ENABLE_OBJC_ARC = YES;
				CLANG_ENABLE_OBJC_WEAK = YES;
				CLANG_WARN_BLOCK_CAPTURE_AUTORELEASING = YES;
				CLANG_WARN_BOOL_CONVERSION = YES;
				CLANG_WARN_COMMA = YES;
				CLANG_WARN_CONSTANT_CONVERSION = YES;
				CLANG_WARN_DEPRECATED_OBJC_IMPLEMENTATIONS = YES;
				CLANG_WARN_DIRECT_OBJC_ISA_USAGE = YES_ERROR;
				CLANG_WARN_DOCUMENTATION_COMMENTS = YES;
				CLANG_WARN_EMPTY_BODY = YES;
				CLANG_WARN_ENUM_CONVERSION = YES;
				CLANG_WARN_INFINITE_RECURSION = YES;
				CLANG_WARN_INT_CONVERSION = YES;
				CLANG_WARN_NON_LITERAL_NULL_CONVERSION = YES;
				CLANG_WARN_OBJC_IMPLICIT_RETAIN_SELF = YES;
				CLANG_WARN_OBJC_LITERAL_CONVERSION = YES;
				CLANG_WARN_OBJC_ROOT_CLASS = YES_ERROR;
				CLANG_WARN_RANGE_LOOP_ANALYSIS = YES;
				CLANG_WARN_STRICT_PROTOTYPES = YES;
				CLANG_WARN_SUSPICIOUS_MOVE = YES;
				CLANG_WARN_UNGUARDED_AVAILABILITY = YES_AGGRESSIVE;
				CLANG_WARN_UNREACHABLE_CODE = YES;
				CLANG_WARN__DUPLICATE_METHOD_MATCH = YES;
				CODE_SIGN_IDENTITY = "iPhone Developer";
				COPY_PHASE_STRIP = NO;
				DEBUG_INFORMATION_FORMAT = dwarf;
				ENABLE_STRICT_OBJC_MSGSEND = YES;
				ENABLE_TESTABILITY = YES;
				GCC_C_LANGUAGE_STANDARD = gnu11;
				GCC_DYNAMIC_NO_PIC = NO;
				GCC_NO_COMMON_BLOCKS = YES;
				GCC_OPTIMIZATION_LEVEL = 0;
				GCC_PREPROCESSOR_DEFINITIONS = (
					"DEBUG=1",
					"$(inherited)",
				);
				GCC_WARN_64_TO_32_BIT_CONVERSION = YES;
				GCC_WARN_ABOUT_RETURN_TYPE = YES_ERROR;
				GCC_WARN_UNDECLARED_SELECTOR = YES;
				GCC_WARN_UNINITIALIZED_AUTOS = YES_AGGRESSIVE;
				GCC_WARN_UNUSED_FUNCTION = YES;
				GCC_WARN_UNUSED_VARIABLE = YES;
				IPHONEOS_DEPLOYMENT_TARGET = 12.1;
				MTL_ENABLE_DEBUG_INFO = INCLUDE_SOURCE;
				MTL_FAST_MATH = YES;
				ONLY_ACTIVE_ARCH = YES;
				SDKROOT = iphoneos;
				SWIFT_ACTIVE_COMPILATION_CONDITIONS = DEBUG;
				SWIFT_OPTIMIZATION_LEVEL = "-Onone";
			};
			name = Debug;
		};
		D4B5710221E7E77700AD0F4B /* Release */ = {
			isa = XCBuildConfiguration;
			buildSettings = {
				ALWAYS_SEARCH_USER_PATHS = NO;
				CLANG_ANALYZER_NONNULL = YES;
				CLANG_ANALYZER_NUMBER_OBJECT_CONVERSION = YES_AGGRESSIVE;
				CLANG_CXX_LANGUAGE_STANDARD = "gnu++14";
				CLANG_CXX_LIBRARY = "libc++";
				CLANG_ENABLE_MODULES = YES;
				CLANG_ENABLE_OBJC_ARC = YES;
				CLANG_ENABLE_OBJC_WEAK = YES;
				CLANG_WARN_BLOCK_CAPTURE_AUTORELEASING = YES;
				CLANG_WARN_BOOL_CONVERSION = YES;
				CLANG_WARN_COMMA = YES;
				CLANG_WARN_CONSTANT_CONVERSION = YES;
				CLANG_WARN_DEPRECATED_OBJC_IMPLEMENTATIONS = YES;
				CLANG_WARN_DIRECT_OBJC_ISA_USAGE = YES_ERROR;
				CLANG_WARN_DOCUMENTATION_COMMENTS = YES;
				CLANG_WARN_EMPTY_BODY = YES;
				CLANG_WARN_ENUM_CONVERSION = YES;
				CLANG_WARN_INFINITE_RECURSION = YES;
				CLANG_WARN_INT_CONVERSION = YES;
				CLANG_WARN_NON_LITERAL_NULL_CONVERSION = YES;
				CLANG_WARN_OBJC_IMPLICIT_RETAIN_SELF = YES;
				CLANG_WARN_OBJC_LITERAL_CONVERSION = YES;
				CLANG_WARN_OBJC_ROOT_CLASS = YES_ERROR;
				CLANG_WARN_RANGE_LOOP_ANALYSIS = YES;
				CLANG_WARN_STRICT_PROTOTYPES = YES;
				CLANG_WARN_SUSPICIOUS_MOVE = YES;
				CLANG_WARN_UNGUARDED_AVAILABILITY = YES_AGGRESSIVE;
				CLANG_WARN_UNREACHABLE_CODE = YES;
				CLANG_WARN__DUPLICATE_METHOD_MATCH = YES;
				CODE_SIGN_IDENTITY = "iPhone Developer";
				COPY_PHASE_STRIP = NO;
				DEBUG_INFORMATION_FORMAT = "dwarf-with-dsym";
				ENABLE_NS_ASSERTIONS = NO;
				ENABLE_STRICT_OBJC_MSGSEND = YES;
				GCC_C_LANGUAGE_STANDARD = gnu11;
				GCC_NO_COMMON_BLOCKS = YES;
				GCC_WARN_64_TO_32_BIT_CONVERSION = YES;
				GCC_WARN_ABOUT_RETURN_TYPE = YES_ERROR;
				GCC_WARN_UNDECLARED_SELECTOR = YES;
				GCC_WARN_UNINITIALIZED_AUTOS = YES_AGGRESSIVE;
				GCC_WARN_UNUSED_FUNCTION = YES;
				GCC_WARN_UNUSED_VARIABLE = YES;
				IPHONEOS_DEPLOYMENT_TARGET = 12.1;
				MTL_ENABLE_DEBUG_INFO = NO;
				MTL_FAST_MATH = YES;
				SDKROOT = iphoneos;
				SWIFT_COMPILATION_MODE = wholemodule;
				SWIFT_OPTIMIZATION_LEVEL = "-O";
				VALIDATE_PRODUCT = YES;
			};
			name = Release;
		};
		D4B5710421E7E77700AD0F4B /* Debug */ = {
			isa = XCBuildConfiguration;
			baseConfigurationReference = CD6924F11085005A096D72C4 /* Pods-Shopify-Challenge.debug.xcconfig */;
			buildSettings = {
				ASSETCATALOG_COMPILER_APPICON_NAME = AppIcon;
				CODE_SIGN_STYLE = Automatic;
				DEVELOPMENT_TEAM = F384PQ9K39;
				INFOPLIST_FILE = "Shopify-Challenge/Info.plist";
				LD_RUNPATH_SEARCH_PATHS = (
					"$(inherited)",
					"@executable_path/Frameworks",
				);
				PRODUCT_BUNDLE_IDENTIFIER = "com.tudorlupu.Shopify-Challenge";
				PRODUCT_NAME = "$(TARGET_NAME)";
				SWIFT_VERSION = 4.2;
				TARGETED_DEVICE_FAMILY = "1,2";
			};
			name = Debug;
		};
		D4B5710521E7E77700AD0F4B /* Release */ = {
			isa = XCBuildConfiguration;
			baseConfigurationReference = 8B24643EA3D2E8249C63C73C /* Pods-Shopify-Challenge.release.xcconfig */;
			buildSettings = {
				ASSETCATALOG_COMPILER_APPICON_NAME = AppIcon;
				CODE_SIGN_STYLE = Automatic;
				DEVELOPMENT_TEAM = F384PQ9K39;
				INFOPLIST_FILE = "Shopify-Challenge/Info.plist";
				LD_RUNPATH_SEARCH_PATHS = (
					"$(inherited)",
					"@executable_path/Frameworks",
				);
				PRODUCT_BUNDLE_IDENTIFIER = "com.tudorlupu.Shopify-Challenge";
				PRODUCT_NAME = "$(TARGET_NAME)";
				SWIFT_VERSION = 4.2;
				TARGETED_DEVICE_FAMILY = "1,2";
			};
			name = Release;
		};
/* End XCBuildConfiguration section */

/* Begin XCConfigurationList section */
		D4B570EC21E7E77600AD0F4B /* Build configuration list for PBXProject "Shopify-Challenge" */ = {
			isa = XCConfigurationList;
			buildConfigurations = (
				D4B5710121E7E77700AD0F4B /* Debug */,
				D4B5710221E7E77700AD0F4B /* Release */,
			);
			defaultConfigurationIsVisible = 0;
			defaultConfigurationName = Release;
		};
		D4B5710321E7E77700AD0F4B /* Build configuration list for PBXNativeTarget "Shopify-Challenge" */ = {
			isa = XCConfigurationList;
			buildConfigurations = (
				D4B5710421E7E77700AD0F4B /* Debug */,
				D4B5710521E7E77700AD0F4B /* Release */,
			);
			defaultConfigurationIsVisible = 0;
			defaultConfigurationName = Release;
		};
/* End XCConfigurationList section */
	};
	rootObject = D4B570E921E7E77600AD0F4B /* Project object */;
}
